
Microsoft Visual Studio Solution File, Format Version 12.00
# Visual Studio Version 17
VisualStudioVersion = 17.0.31903.59
MinimumVisualStudioVersion = 10.0.40219.1
Project("{FAE04EC0-301F-11D3-BF4B-00C04F79EFBC}") = "WebsiteRework", "WebsiteRework\WebsiteRework.csproj", "{33D48B13-6D06-4EF4-ACBA-F9AB933F6FB0}"
EndProject
Global
	GlobalSection(SolutionConfigurationPlatforms) = preSolution
		Debug|Any CPU = Debug|Any CPU
		Release|Any CPU = Release|Any CPU
	EndGlobalSection
	GlobalSection(ProjectConfigurationPlatforms) = postSolution
		{33D48B13-6D06-4EF4-ACBA-F9AB933F6FB0}.Debug|Any CPU.ActiveCfg = Debug|Any CPU
		{33D48B13-6D06-4EF4-ACBA-F9AB933F6FB0}.Debug|Any CPU.Build.0 = Debug|Any CPU
		{33D48B13-6D06-4EF4-ACBA-F9AB933F6FB0}.Release|Any CPU.ActiveCfg = Release|Any CPU
		{33D48B13-6D06-4EF4-ACBA-F9AB933F6FB0}.Release|Any CPU.Build.0 = Release|Any CPU
	EndGlobalSection
	GlobalSection(SolutionProperties) = preSolution
		HideSolutionNode = FALSE
	EndGlobalSection
	GlobalSection(ExtensibilityGlobals) = postSolution
		SolutionGuid = {6D5FCEAB-C052-446E-99CB-FA953191FA8A}
	EndGlobalSection
EndGlobal
